
Microsoft Visual Studio Solution File, Format Version 12.00
# Visual Studio Version 16
VisualStudioVersion = 16.0.30523.141
MinimumVisualStudioVersion = 10.0.40219.1
Project("{FAE04EC0-301F-11D3-BF4B-00C04F79EFBC}") = "news_portal", "news_portal\news_portal.csproj", "{5CC90422-1CCD-4A4D-ACA8-1F3E1D2F3832}"
EndProject
Global
	GlobalSection(SolutionConfigurationPlatforms) = preSolution
		Debug|Any CPU = Debug|Any CPU
		Release|Any CPU = Release|Any CPU
	EndGlobalSection
	GlobalSection(ProjectConfigurationPlatforms) = postSolution
		{5CC90422-1CCD-4A4D-ACA8-1F3E1D2F3832}.Debug|Any CPU.ActiveCfg = Debug|Any CPU
		{5CC90422-1CCD-4A4D-ACA8-1F3E1D2F3832}.Debug|Any CPU.Build.0 = Debug|Any CPU
		{5CC90422-1CCD-4A4D-ACA8-1F3E1D2F3832}.Release|Any CPU.ActiveCfg = Release|Any CPU
		{5CC90422-1CCD-4A4D-ACA8-1F3E1D2F3832}.Release|Any CPU.Build.0 = Release|Any CPU
	EndGlobalSection
	GlobalSection(SolutionProperties) = preSolution
		HideSolutionNode = FALSE
	EndGlobalSection
	GlobalSection(ExtensibilityGlobals) = postSolution
		SolutionGuid = {E143E3E1-14AF-45BE-8780-A1D4B6A79553}
	EndGlobalSection
EndGlobal
